{
  "name": "trpc-todo",
  "version": "1.0.0",
  "lockfileVersion": 3,
  "requires": true,
  "packages": {
    "": {
      "name": "trpc-todo",
      "version": "1.0.0",
      "license": "ISC",
      "dependencies": {
        "@trpc/client": "^11.7.1",
        "@trpc/server": "^11.7.1",
        "zod": "^4.1.12"
      }
    },
    "node_modules/@trpc/client": {
      "version": "11.7.1",
      "resolved": "https://registry.npmjs.org/@trpc/client/-/client-11.7.1.tgz",
      "integrity": "sha512-uOnAjElKI892/U6aQMcBHYs3x7mme3Cvv1F87ytBL56rBvs7+DyK7r43zgaXKf13+GtPEI6ex5xjVUfyDW8XcQ==",
      "funding": [
        "https://trpc.io/sponsor"
      ],
      "license": "MIT",
      "peerDependencies": {
        "@trpc/server": "11.7.1",
        "typescript": ">=5.7.2"
      }
    },
    "node_modules/@trpc/server": {
      "version": "11.7.1",
      "resolved": "https://registry.npmjs.org/@trpc/server/-/server-11.7.1.tgz",
      "integrity": "sha512-N3U8LNLIP4g9C7LJ/sLkjuPHwqlvE3bnspzC4DEFVdvx2+usbn70P80E3wj5cjOTLhmhRiwJCSXhlB+MHfGeCw==",
      "funding": [
        "https://trpc.io/sponsor"
      ],
      "license": "MIT",
      "peerDependencies": {
        "typescript": ">=5.7.2"
      }
    },
    "node_modules/typescript": {
      "version": "5.9.3",
      "resolved": "https://registry.npmjs.org/typescript/-/typescript-5.9.3.tgz",
      "integrity": "sha512-jl1vZzPDinLr9eUt3J/t7V6FgNEw9QjvBPdysz9KfQDD41fQrC2Y4vKQdiaUpFT4bXlb1RHhLpp8wtm6M5TgSw==",
      "license": "Apache-2.0",
      "peer": true,
      "bin": {
        "tsc": "bin/tsc",
        "tsserver": "bin/tsserver"
      },
      "engines": {
        "node": ">=14.17"
      }
    },
    "node_modules/zod": {
      "version": "4.1.12",
      "resolved": "https://registry.npmjs.org/zod/-/zod-4.1.12.tgz",
      "integrity": "sha512-JInaHOamG8pt5+Ey8kGmdcAcg3OL9reK8ltczgHTAwNhMys/6ThXHityHxVV2p3fkw/c+MAvBHFVYHFZDmjMCQ==",
      "license": "MIT",
      "funding": {
        "url": "https://github.com/sponsors/colinhacks"
      }
    }
  }
}
